
Microsoft Visual Studio Solution File, Format Version 12.00
# Visual Studio Version 17
VisualStudioVersion = 17.5.002.0
MinimumVisualStudioVersion = 10.0.40219.1
Project("{9A19103F-16F7-4668-BE54-9A1E7A4F7556}") = "Todo", "Todo.csproj", "{C8FDB147-322C-4F76-87C2-E349CB251C5D}"
EndProject
Global
	GlobalSection(SolutionConfigurationPlatforms) = preSolution
		Debug|Any CPU = Debug|Any CPU
		Release|Any CPU = Release|Any CPU
	EndGlobalSection
	GlobalSection(ProjectConfigurationPlatforms) = postSolution
		{C8FDB147-322C-4F76-87C2-E349CB251C5D}.Debug|Any CPU.ActiveCfg = Debug|Any CPU
		{C8FDB147-322C-4F76-87C2-E349CB251C5D}.Debug|Any CPU.Build.0 = Debug|Any CPU
		{C8FDB147-322C-4F76-87C2-E349CB251C5D}.Release|Any CPU.ActiveCfg = Release|Any CPU
		{C8FDB147-322C-4F76-87C2-E349CB251C5D}.Release|Any CPU.Build.0 = Release|Any CPU
	EndGlobalSection
	GlobalSection(SolutionProperties) = preSolution
		HideSolutionNode = FALSE
	EndGlobalSection
	GlobalSection(ExtensibilityGlobals) = postSolution
		SolutionGuid = {47ABFC13-BB7D-4912-9E2D-196076D0A307}
	EndGlobalSection
EndGlobal
