Microsoft Visual Studio Solution File, Format Version 12.00
# Visual Studio Version 17
VisualStudioVersion = 17.5.2.0
MinimumVisualStudioVersion = 10.0.40219.1
Project("{FAE04EC0-301F-11D3-BF4B-00C04F79EFBC}") = "Api.Chat", "Api.Chat\Api.Chat.csproj", "{8AEAE753-FB36-4F97-127F-6DEB194088F5}"
EndProject
Global
	GlobalSection(SolutionConfigurationPlatforms) = preSolution
		Debug|Any CPU = Debug|Any CPU
		Release|Any CPU = Release|Any CPU
	EndGlobalSection
	GlobalSection(ProjectConfigurationPlatforms) = postSolution
		{8AEAE753-FB36-4F97-127F-6DEB194088F5}.Debug|Any CPU.ActiveCfg = Debug|Any CPU
		{8AEAE753-FB36-4F97-127F-6DEB194088F5}.Debug|Any CPU.Build.0 = Debug|Any CPU
		{8AEAE753-FB36-4F97-127F-6DEB194088F5}.Release|Any CPU.ActiveCfg = Release|Any CPU
		{8AEAE753-FB36-4F97-127F-6DEB194088F5}.Release|Any CPU.Build.0 = Release|Any CPU
	EndGlobalSection
	GlobalSection(SolutionProperties) = preSolution
		HideSolutionNode = FALSE
	EndGlobalSection
	GlobalSection(ExtensibilityGlobals) = postSolution
		SolutionGuid = {38FACDBA-CF04-45FA-858E-78C0674FB659}
	EndGlobalSection
EndGlobal
