
Microsoft Visual Studio Solution File, Format Version 12.00
# Visual Studio Version 17
VisualStudioVersion = 17.0.31903.59
MinimumVisualStudioVersion = 10.0.40219.1
Project("{FAE04EC0-301F-11D3-BF4B-00C04F79EFBC}") = "Dima.Core", "Dima.Core\Dima.Core.csproj", "{C72D53A5-ECF7-4A3A-9431-10F4E3C7F1EB}"
EndProject
Project("{FAE04EC0-301F-11D3-BF4B-00C04F79EFBC}") = "Dima.Api", "Dima.Api\Dima.Api.csproj", "{FA22E7EC-4EFB-4E29-BBA2-6BD6BBCB2E3D}"
EndProject
Global
	GlobalSection(SolutionConfigurationPlatforms) = preSolution
		Debug|Any CPU = Debug|Any CPU
		Release|Any CPU = Release|Any CPU
	EndGlobalSection
	GlobalSection(SolutionProperties) = preSolution
		HideSolutionNode = FALSE
	EndGlobalSection
	GlobalSection(ProjectConfigurationPlatforms) = postSolution
		{C72D53A5-ECF7-4A3A-9431-10F4E3C7F1EB}.Debug|Any CPU.ActiveCfg = Debug|Any CPU
		{C72D53A5-ECF7-4A3A-9431-10F4E3C7F1EB}.Debug|Any CPU.Build.0 = Debug|Any CPU
		{C72D53A5-ECF7-4A3A-9431-10F4E3C7F1EB}.Release|Any CPU.ActiveCfg = Release|Any CPU
		{C72D53A5-ECF7-4A3A-9431-10F4E3C7F1EB}.Release|Any CPU.Build.0 = Release|Any CPU
		{FA22E7EC-4EFB-4E29-BBA2-6BD6BBCB2E3D}.Debug|Any CPU.ActiveCfg = Debug|Any CPU
		{FA22E7EC-4EFB-4E29-BBA2-6BD6BBCB2E3D}.Debug|Any CPU.Build.0 = Debug|Any CPU
		{FA22E7EC-4EFB-4E29-BBA2-6BD6BBCB2E3D}.Release|Any CPU.ActiveCfg = Release|Any CPU
		{FA22E7EC-4EFB-4E29-BBA2-6BD6BBCB2E3D}.Release|Any CPU.Build.0 = Release|Any CPU
	EndGlobalSection
EndGlobal
