
Microsoft Visual Studio Solution File, Format Version 12.00
# Visual Studio Version 17
VisualStudioVersion = 17.5.002.0
MinimumVisualStudioVersion = 10.0.40219.1
Project("{9A19103F-16F7-4668-BE54-9A1E7A4F7556}") = "UsandoDapper", "UsandoDapper.csproj", "{7E50587C-2F07-4078-AD84-BEB0A35D88DE}"
EndProject
Global
	GlobalSection(SolutionConfigurationPlatforms) = preSolution
		Debug|Any CPU = Debug|Any CPU
		Release|Any CPU = Release|Any CPU
	EndGlobalSection
	GlobalSection(ProjectConfigurationPlatforms) = postSolution
		{7E50587C-2F07-4078-AD84-BEB0A35D88DE}.Debug|Any CPU.ActiveCfg = Debug|Any CPU
		{7E50587C-2F07-4078-AD84-BEB0A35D88DE}.Debug|Any CPU.Build.0 = Debug|Any CPU
		{7E50587C-2F07-4078-AD84-BEB0A35D88DE}.Release|Any CPU.ActiveCfg = Release|Any CPU
		{7E50587C-2F07-4078-AD84-BEB0A35D88DE}.Release|Any CPU.Build.0 = Release|Any CPU
	EndGlobalSection
	GlobalSection(SolutionProperties) = preSolution
		HideSolutionNode = FALSE
	EndGlobalSection
	GlobalSection(ExtensibilityGlobals) = postSolution
		SolutionGuid = {44EAB6C9-A938-480E-A742-8CF7BDC72570}
	EndGlobalSection
EndGlobal
