
Microsoft Visual Studio Solution File, Format Version 12.00
# Visual Studio Version 17
VisualStudioVersion = 17.0.31903.59
MinimumVisualStudioVersion = 10.0.40219.1
Project("{FAE04EC0-301F-11D3-BF4B-00C04F79EFBC}") = "Store.Domain", "Store.Domain\Store.Domain.csproj", "{082BD0E4-AA67-4CDD-BE5E-005F5C4D51BF}"
EndProject
Project("{FAE04EC0-301F-11D3-BF4B-00C04F79EFBC}") = "Store.Application", "Store.Application\Store.Application.csproj", "{3E61BFE4-F751-46D3-87D5-00101E962A88}"
EndProject
Project("{FAE04EC0-301F-11D3-BF4B-00C04F79EFBC}") = "Store.Infrastructure", "Store.Infrastructure\Store.Infrastructure.csproj", "{633B0F02-B5EE-469D-BA4C-66C2DDC2B468}"
EndProject
Project("{FAE04EC0-301F-11D3-BF4B-00C04F79EFBC}") = "Store.Api", "Store.Api\Store.Api.csproj", "{40E5FDDF-856F-4461-948A-57D0A47FDA01}"
EndProject
Global
	GlobalSection(SolutionConfigurationPlatforms) = preSolution
		Debug|Any CPU = Debug|Any CPU
		Debug|x64 = Debug|x64
		Debug|x86 = Debug|x86
		Release|Any CPU = Release|Any CPU
		Release|x64 = Release|x64
		Release|x86 = Release|x86
	EndGlobalSection
	GlobalSection(ProjectConfigurationPlatforms) = postSolution
		{082BD0E4-AA67-4CDD-BE5E-005F5C4D51BF}.Debug|Any CPU.ActiveCfg = Debug|Any CPU
		{082BD0E4-AA67-4CDD-BE5E-005F5C4D51BF}.Debug|Any CPU.Build.0 = Debug|Any CPU
		{082BD0E4-AA67-4CDD-BE5E-005F5C4D51BF}.Debug|x64.ActiveCfg = Debug|Any CPU
		{082BD0E4-AA67-4CDD-BE5E-005F5C4D51BF}.Debug|x64.Build.0 = Debug|Any CPU
		{082BD0E4-AA67-4CDD-BE5E-005F5C4D51BF}.Debug|x86.ActiveCfg = Debug|Any CPU
		{082BD0E4-AA67-4CDD-BE5E-005F5C4D51BF}.Debug|x86.Build.0 = Debug|Any CPU
		{082BD0E4-AA67-4CDD-BE5E-005F5C4D51BF}.Release|Any CPU.ActiveCfg = Release|Any CPU
		{082BD0E4-AA67-4CDD-BE5E-005F5C4D51BF}.Release|Any CPU.Build.0 = Release|Any CPU
		{082BD0E4-AA67-4CDD-BE5E-005F5C4D51BF}.Release|x64.ActiveCfg = Release|Any CPU
		{082BD0E4-AA67-4CDD-BE5E-005F5C4D51BF}.Release|x64.Build.0 = Release|Any CPU
		{082BD0E4-AA67-4CDD-BE5E-005F5C4D51BF}.Release|x86.ActiveCfg = Release|Any CPU
		{082BD0E4-AA67-4CDD-BE5E-005F5C4D51BF}.Release|x86.Build.0 = Release|Any CPU
		{3E61BFE4-F751-46D3-87D5-00101E962A88}.Debug|Any CPU.ActiveCfg = Debug|Any CPU
		{3E61BFE4-F751-46D3-87D5-00101E962A88}.Debug|Any CPU.Build.0 = Debug|Any CPU
		{3E61BFE4-F751-46D3-87D5-00101E962A88}.Debug|x64.ActiveCfg = Debug|Any CPU
		{3E61BFE4-F751-46D3-87D5-00101E962A88}.Debug|x64.Build.0 = Debug|Any CPU
		{3E61BFE4-F751-46D3-87D5-00101E962A88}.Debug|x86.ActiveCfg = Debug|Any CPU
		{3E61BFE4-F751-46D3-87D5-00101E962A88}.Debug|x86.Build.0 = Debug|Any CPU
		{3E61BFE4-F751-46D3-87D5-00101E962A88}.Release|Any CPU.ActiveCfg = Release|Any CPU
		{3E61BFE4-F751-46D3-87D5-00101E962A88}.Release|Any CPU.Build.0 = Release|Any CPU
		{3E61BFE4-F751-46D3-87D5-00101E962A88}.Release|x64.ActiveCfg = Release|Any CPU
		{3E61BFE4-F751-46D3-87D5-00101E962A88}.Release|x64.Build.0 = Release|Any CPU
		{3E61BFE4-F751-46D3-87D5-00101E962A88}.Release|x86.ActiveCfg = Release|Any CPU
		{3E61BFE4-F751-46D3-87D5-00101E962A88}.Release|x86.Build.0 = Release|Any CPU
		{633B0F02-B5EE-469D-BA4C-66C2DDC2B468}.Debug|Any CPU.ActiveCfg = Debug|Any CPU
		{633B0F02-B5EE-469D-BA4C-66C2DDC2B468}.Debug|Any CPU.Build.0 = Debug|Any CPU
		{633B0F02-B5EE-469D-BA4C-66C2DDC2B468}.Debug|x64.ActiveCfg = Debug|Any CPU
		{633B0F02-B5EE-469D-BA4C-66C2DDC2B468}.Debug|x64.Build.0 = Debug|Any CPU
		{633B0F02-B5EE-469D-BA4C-66C2DDC2B468}.Debug|x86.ActiveCfg = Debug|Any CPU
		{633B0F02-B5EE-469D-BA4C-66C2DDC2B468}.Debug|x86.Build.0 = Debug|Any CPU
		{633B0F02-B5EE-469D-BA4C-66C2DDC2B468}.Release|Any CPU.ActiveCfg = Release|Any CPU
		{633B0F02-B5EE-469D-BA4C-66C2DDC2B468}.Release|Any CPU.Build.0 = Release|Any CPU
		{633B0F02-B5EE-469D-BA4C-66C2DDC2B468}.Release|x64.ActiveCfg = Release|Any CPU
		{633B0F02-B5EE-469D-BA4C-66C2DDC2B468}.Release|x64.Build.0 = Release|Any CPU
		{633B0F02-B5EE-469D-BA4C-66C2DDC2B468}.Release|x86.ActiveCfg = Release|Any CPU
		{633B0F02-B5EE-469D-BA4C-66C2DDC2B468}.Release|x86.Build.0 = Release|Any CPU
		{40E5FDDF-856F-4461-948A-57D0A47FDA01}.Debug|Any CPU.ActiveCfg = Debug|Any CPU
		{40E5FDDF-856F-4461-948A-57D0A47FDA01}.Debug|Any CPU.Build.0 = Debug|Any CPU
		{40E5FDDF-856F-4461-948A-57D0A47FDA01}.Debug|x64.ActiveCfg = Debug|Any CPU
		{40E5FDDF-856F-4461-948A-57D0A47FDA01}.Debug|x64.Build.0 = Debug|Any CPU
		{40E5FDDF-856F-4461-948A-57D0A47FDA01}.Debug|x86.ActiveCfg = Debug|Any CPU
		{40E5FDDF-856F-4461-948A-57D0A47FDA01}.Debug|x86.Build.0 = Debug|Any CPU
		{40E5FDDF-856F-4461-948A-57D0A47FDA01}.Release|Any CPU.ActiveCfg = Release|Any CPU
		{40E5FDDF-856F-4461-948A-57D0A47FDA01}.Release|Any CPU.Build.0 = Release|Any CPU
		{40E5FDDF-856F-4461-948A-57D0A47FDA01}.Release|x64.ActiveCfg = Release|Any CPU
		{40E5FDDF-856F-4461-948A-57D0A47FDA01}.Release|x64.Build.0 = Release|Any CPU
		{40E5FDDF-856F-4461-948A-57D0A47FDA01}.Release|x86.ActiveCfg = Release|Any CPU
		{40E5FDDF-856F-4461-948A-57D0A47FDA01}.Release|x86.Build.0 = Release|Any CPU
	EndGlobalSection
	GlobalSection(SolutionProperties) = preSolution
		HideSolutionNode = FALSE
	EndGlobalSection
EndGlobal
